
Microsoft Visual Studio Solution File, Format Version 12.00
# Visual Studio 15
VisualStudioVersion = 15.0.26124.0
MinimumVisualStudioVersion = 15.0.26124.0
Project("{FAE04EC0-301F-11D3-BF4B-00C04F79EFBC}") = "Wally.Lib.DDD.Abstractions", "Wally.Lib.DDD.Abstractions\Wally.Lib.DDD.Abstractions.csproj", "{25BA5DFE-FC20-46B0-8981-E3D5176A1678}"
EndProject
Project("{FAE04EC0-301F-11D3-BF4B-00C04F79EFBC}") = "Wally.Lib.DDD.Tests", "Wally.Lib.DDD.Tests\Wally.Lib.DDD.Tests.csproj", "{7AA3FB98-08E4-4BBE-9806-4880CAFE2F2C}"
EndProject
Project("{FAE04EC0-301F-11D3-BF4B-00C04F79EFBC}") = "Wally.Lib.DDD", "Wally.Lib.DDD\Wally.Lib.DDD.csproj", "{28AA9709-C0E4-475F-AE79-03F60963D90F}"
EndProject
Global
	GlobalSection(SolutionConfigurationPlatforms) = preSolution
		Debug|Any CPU = Debug|Any CPU
		Debug|x64 = Debug|x64
		Debug|x86 = Debug|x86
		Release|Any CPU = Release|Any CPU
		Release|x64 = Release|x64
		Release|x86 = Release|x86
	EndGlobalSection
	GlobalSection(SolutionProperties) = preSolution
		HideSolutionNode = FALSE
	EndGlobalSection
	GlobalSection(ProjectConfigurationPlatforms) = postSolution
		{25BA5DFE-FC20-46B0-8981-E3D5176A1678}.Debug|Any CPU.ActiveCfg = Debug|Any CPU
		{25BA5DFE-FC20-46B0-8981-E3D5176A1678}.Debug|Any CPU.Build.0 = Debug|Any CPU
		{25BA5DFE-FC20-46B0-8981-E3D5176A1678}.Debug|x64.ActiveCfg = Debug|Any CPU
		{25BA5DFE-FC20-46B0-8981-E3D5176A1678}.Debug|x64.Build.0 = Debug|Any CPU
		{25BA5DFE-FC20-46B0-8981-E3D5176A1678}.Debug|x86.ActiveCfg = Debug|Any CPU
		{25BA5DFE-FC20-46B0-8981-E3D5176A1678}.Debug|x86.Build.0 = Debug|Any CPU
		{25BA5DFE-FC20-46B0-8981-E3D5176A1678}.Release|Any CPU.ActiveCfg = Release|Any CPU
		{25BA5DFE-FC20-46B0-8981-E3D5176A1678}.Release|Any CPU.Build.0 = Release|Any CPU
		{25BA5DFE-FC20-46B0-8981-E3D5176A1678}.Release|x64.ActiveCfg = Release|Any CPU
		{25BA5DFE-FC20-46B0-8981-E3D5176A1678}.Release|x64.Build.0 = Release|Any CPU
		{25BA5DFE-FC20-46B0-8981-E3D5176A1678}.Release|x86.ActiveCfg = Release|Any CPU
		{25BA5DFE-FC20-46B0-8981-E3D5176A1678}.Release|x86.Build.0 = Release|Any CPU
		{7AA3FB98-08E4-4BBE-9806-4880CAFE2F2C}.Debug|Any CPU.ActiveCfg = Debug|Any CPU
		{7AA3FB98-08E4-4BBE-9806-4880CAFE2F2C}.Debug|Any CPU.Build.0 = Debug|Any CPU
		{7AA3FB98-08E4-4BBE-9806-4880CAFE2F2C}.Debug|x64.ActiveCfg = Debug|Any CPU
		{7AA3FB98-08E4-4BBE-9806-4880CAFE2F2C}.Debug|x64.Build.0 = Debug|Any CPU
		{7AA3FB98-08E4-4BBE-9806-4880CAFE2F2C}.Debug|x86.ActiveCfg = Debug|Any CPU
		{7AA3FB98-08E4-4BBE-9806-4880CAFE2F2C}.Debug|x86.Build.0 = Debug|Any CPU
		{7AA3FB98-08E4-4BBE-9806-4880CAFE2F2C}.Release|Any CPU.ActiveCfg = Release|Any CPU
		{7AA3FB98-08E4-4BBE-9806-4880CAFE2F2C}.Release|Any CPU.Build.0 = Release|Any CPU
		{7AA3FB98-08E4-4BBE-9806-4880CAFE2F2C}.Release|x64.ActiveCfg = Release|Any CPU
		{7AA3FB98-08E4-4BBE-9806-4880CAFE2F2C}.Release|x64.Build.0 = Release|Any CPU
		{7AA3FB98-08E4-4BBE-9806-4880CAFE2F2C}.Release|x86.ActiveCfg = Release|Any CPU
		{7AA3FB98-08E4-4BBE-9806-4880CAFE2F2C}.Release|x86.Build.0 = Release|Any CPU
		{28AA9709-C0E4-475F-AE79-03F60963D90F}.Debug|Any CPU.ActiveCfg = Debug|Any CPU
		{28AA9709-C0E4-475F-AE79-03F60963D90F}.Debug|Any CPU.Build.0 = Debug|Any CPU
		{28AA9709-C0E4-475F-AE79-03F60963D90F}.Debug|x64.ActiveCfg = Debug|Any CPU
		{28AA9709-C0E4-475F-AE79-03F60963D90F}.Debug|x64.Build.0 = Debug|Any CPU
		{28AA9709-C0E4-475F-AE79-03F60963D90F}.Debug|x86.ActiveCfg = Debug|Any CPU
		{28AA9709-C0E4-475F-AE79-03F60963D90F}.Debug|x86.Build.0 = Debug|Any CPU
		{28AA9709-C0E4-475F-AE79-03F60963D90F}.Release|Any CPU.ActiveCfg = Release|Any CPU
		{28AA9709-C0E4-475F-AE79-03F60963D90F}.Release|Any CPU.Build.0 = Release|Any CPU
		{28AA9709-C0E4-475F-AE79-03F60963D90F}.Release|x64.ActiveCfg = Release|Any CPU
		{28AA9709-C0E4-475F-AE79-03F60963D90F}.Release|x64.Build.0 = Release|Any CPU
		{28AA9709-C0E4-475F-AE79-03F60963D90F}.Release|x86.ActiveCfg = Release|Any CPU
		{28AA9709-C0E4-475F-AE79-03F60963D90F}.Release|x86.Build.0 = Release|Any CPU
	EndGlobalSection
EndGlobal
